// !$*UTF8*$!
{
	archiveVersion = 1;
	classes = {
	};
	objectVersion = 46;
	objects = {

/* Begin PBXBuildFile section */
		D83019241CA1E5CB001E7AE0 /* DragImg.swift in Sources */ = {isa = PBXBuildFile; fileRef = D83019231CA1E5CB001E7AE0 /* DragImg.swift */; };
		D852B9631CA049690095434F /* AppDelegate.swift in Sources */ = {isa = PBXBuildFile; fileRef = D852B9621CA049690095434F /* AppDelegate.swift */; };
		D852B9651CA049690095434F /* ViewController.swift in Sources */ = {isa = PBXBuildFile; fileRef = D852B9641CA049690095434F /* ViewController.swift */; };
		D852B9681CA049690095434F /* Main.storyboard in Resources */ = {isa = PBXBuildFile; fileRef = D852B9661CA049690095434F /* Main.storyboard */; };
		D852B96A1CA049690095434F /* Assets.xcassets in Resources */ = {isa = PBXBuildFile; fileRef = D852B9691CA049690095434F /* Assets.xcassets */; };
		D852B96D1CA049690095434F /* LaunchScreen.storyboard in Resources */ = {isa = PBXBuildFile; fileRef = D852B96B1CA049690095434F /* LaunchScreen.storyboard */; };
		D88BB3A41CA224AB000F43EC /* MonsterImg.swift in Sources */ = {isa = PBXBuildFile; fileRef = D88BB3A31CA224AB000F43EC /* MonsterImg.swift */; };
		D88BB3A91CA2FABD000F43EC /* skull.wav in Resources */ = {isa = PBXBuildFile; fileRef = D88BB3A51CA2FABC000F43EC /* skull.wav */; };
		D88BB3AA1CA2FABD000F43EC /* death.wav in Resources */ = {isa = PBXBuildFile; fileRef = D88BB3A61CA2FABD000F43EC /* death.wav */; };
		D88BB3AB1CA2FABD000F43EC /* heart.wav in Resources */ = {isa = PBXBuildFile; fileRef = D88BB3A71CA2FABD000F43EC /* heart.wav */; };
		D88BB3AC1CA2FABD000F43EC /* cave-music.mp3 in Resources */ = {isa = PBXBuildFile; fileRef = D88BB3A81CA2FABD000F43EC /* cave-music.mp3 */; };
		D88BB3AE1CA2FE69000F43EC /* bite.wav in Resources */ = {isa = PBXBuildFile; fileRef = D88BB3AD1CA2FE69000F43EC /* bite.wav */; };
/* End PBXBuildFile section */

/* Begin PBXFileReference section */
		D83019231CA1E5CB001E7AE0 /* DragImg.swift */ = {isa = PBXFileReference; fileEncoding = 4; lastKnownFileType = sourcecode.swift; path = DragImg.swift; sourceTree = "<group>"; };
		D852B95F1CA049690095434F /* mylittlemonster.app */ = {isa = PBXFileReference; explicitFileType = wrapper.application; includeInIndex = 0; path = mylittlemonster.app; sourceTree = BUILT_PRODUCTS_DIR; };
		D852B9621CA049690095434F /* AppDelegate.swift */ = {isa = PBXFileReference; lastKnownFileType = sourcecode.swift; path = AppDelegate.swift; sourceTree = "<group>"; };
		D852B9641CA049690095434F /* ViewController.swift */ = {isa = PBXFileReference; lastKnownFileType = sourcecode.swift; path = ViewController.swift; sourceTree = "<group>"; };
		D852B9671CA049690095434F /* Base */ = {isa = PBXFileReference; lastKnownFileType = file.storyboard; name = Base; path = Base.lproj/Main.storyboard; sourceTree = "<group>"; };
		D852B9691CA049690095434F /* Assets.xcassets */ = {isa = PBXFileReference; lastKnownFileType = folder.assetcatalog; path = Assets.xcassets; sourceTree = "<group>"; };
		D852B96C1CA049690095434F /* Base */ = {isa = PBXFileReference; lastKnownFileType = file.storyboard; name = Base; path = Base.lproj/LaunchScreen.storyboard; sourceTree = "<group>"; };
		D852B96E1CA049690095434F /* Info.plist */ = {isa = PBXFileReference; lastKnownFileType = text.plist.xml; path = Info.plist; sourceTree = "<group>"; };
		D88BB3A31CA224AB000F43EC /* MonsterImg.swift */ = {isa = PBXFileReference; fileEncoding = 4; lastKnownFileType = sourcecode.swift; path = MonsterImg.swift; sourceTree = "<group>"; };
		D88BB3A51CA2FABC000F43EC /* skull.wav */ = {isa = PBXFileReference; lastKnownFileType = audio.wav; path = skull.wav; sourceTree = "<group>"; };
		D88BB3A61CA2FABD000F43EC /* death.wav */ = {isa = PBXFileReference; lastKnownFileType = audio.wav; path = death.wav; sourceTree = "<group>"; };
		D88BB3A71CA2FABD000F43EC /* heart.wav */ = {isa = PBXFileReference; lastKnownFileType = audio.wav; path = heart.wav; sourceTree = "<group>"; };
		D88BB3A81CA2FABD000F43EC /* cave-music.mp3 */ = {isa = PBXFileReference; lastKnownFileType = audio.mp3; path = "cave-music.mp3"; sourceTree = "<group>"; };
		D88BB3AD1CA2FE69000F43EC /* bite.wav */ = {isa = PBXFileReference; lastKnownFileType = audio.wav; name = bite.wav; path = ../bite.wav; sourceTree = "<group>"; };
/* End PBXFileReference section */

/* Begin PBXFrameworksBuildPhase section */
		D852B95C1CA049690095434F /* Frameworks */ = {
			isa = PBXFrameworksBuildPhase;
			buildActionMask = 2147483647;
			files = (
			);
			runOnlyForDeploymentPostprocessing = 0;
		};
/* End PBXFrameworksBuildPhase section */

/* Begin PBXGroup section */
		D852B9561CA049690095434F = {
			isa = PBXGroup;
			children = (
				D852B9611CA049690095434F /* mylittlemonster */,
				D852B9601CA049690095434F /* Products */,
			);
			sourceTree = "<group>";
		};
		D852B9601CA049690095434F /* Products */ = {
			isa = PBXGroup;
			children = (
				D852B95F1CA049690095434F /* mylittlemonster.app */,
			);
			name = Products;
			sourceTree = "<group>";
		};
		D852B9611CA049690095434F /* mylittlemonster */ = {
			isa = PBXGroup;
			children = (
				D88BB3AD1CA2FE69000F43EC /* bite.wav */,
				D88BB3A51CA2FABC000F43EC /* skull.wav */,
				D88BB3A61CA2FABD000F43EC /* death.wav */,
				D88BB3A71CA2FABD000F43EC /* heart.wav */,
				D88BB3A81CA2FABD000F43EC /* cave-music.mp3 */,
				D852B9621CA049690095434F /* AppDelegate.swift */,
				D852B9641CA049690095434F /* ViewController.swift */,
				D852B9661CA049690095434F /* Main.storyboard */,
				D852B9691CA049690095434F /* Assets.xcassets */,
				D852B96B1CA049690095434F /* LaunchScreen.storyboard */,
				D852B96E1CA049690095434F /* Info.plist */,
				D83019231CA1E5CB001E7AE0 /* DragImg.swift */,
				D88BB3A31CA224AB000F43EC /* MonsterImg.swift */,
			);
			path = mylittlemonster;
			sourceTree = "<group>";
		};
/* End PBXGroup section */

/* Begin PBXNativeTarget section */
		D852B95E1CA049690095434F /* mylittlemonster */ = {
			isa = PBXNativeTarget;
			buildConfigurationList = D852B9711CA049690095434F /* Build configuration list for PBXNativeTarget "mylittlemonster" */;
			buildPhases = (
				D852B95B1CA049690095434F /* Sources */,
				D852B95C1CA049690095434F /* Frameworks */,
				D852B95D1CA049690095434F /* Resources */,
			);
			buildRules = (
			);
			dependencies = (
			);
			name = mylittlemonster;
			productName = mylittlemonster;
			productReference = D852B95F1CA049690095434F /* mylittlemonster.app */;
			productType = "com.apple.product-type.application";
		};
/* End PBXNativeTarget section */

/* Begin PBXProject section */
		D852B9571CA049690095434F /* Project object */ = {
			isa = PBXProject;
			attributes = {
				LastSwiftUpdateCheck = 0720;
				LastUpgradeCheck = 0720;
				ORGANIZATIONNAME = "informed-planet.com";
				TargetAttributes = {
					D852B95E1CA049690095434F = {
						CreatedOnToolsVersion = 7.2.1;
					};
				};
			};
			buildConfigurationList = D852B95A1CA049690095434F /* Build configuration list for PBXProject "mylittlemonster" */;
			compatibilityVersion = "Xcode 3.2";
			developmentRegion = English;
			hasScannedForEncodings = 0;
			knownRegions = (
				en,
				Base,
			);
			mainGroup = D852B9561CA049690095434F;
			productRefGroup = D852B9601CA049690095434F /* Products */;
			projectDirPath = "";
			projectRoot = "";
			targets = (
				D852B95E1CA049690095434F /* mylittlemonster */,
			);
		};
/* End PBXProject section */

/* Begin PBXResourcesBuildPhase section */
		D852B95D1CA049690095434F /* Resources */ = {
			isa = PBXResourcesBuildPhase;
			buildActionMask = 2147483647;
			files = (
				D88BB3AE1CA2FE69000F43EC /* bite.wav in Resources */,
				D88BB3AA1CA2FABD000F43EC /* death.wav in Resources */,
				D88BB3AC1CA2FABD000F43EC /* cave-music.mp3 in Resources */,
				D88BB3AB1CA2FABD000F43EC /* heart.wav in Resources */,
				D88BB3A91CA2FABD000F43EC /* skull.wav in Resources */,
				D852B96D1CA049690095434F /* LaunchScreen.storyboard in Resources */,
				D852B96A1CA049690095434F /* Assets.xcassets in Resources */,
				D852B9681CA049690095434F /* Main.storyboard in Resources */,
			);
			runOnlyForDeploymentPostprocessing = 0;
		};
/* End PBXResourcesBuildPhase section */

/* Begin PBXSourcesBuildPhase section */
		D852B95B1CA049690095434F /* Sources */ = {
			isa = PBXSourcesBuildPhase;
			buildActionMask = 2147483647;
			files = (
				D88BB3A41CA224AB000F43EC /* MonsterImg.swift in Sources */,
				D83019241CA1E5CB001E7AE0 /* DragImg.swift in Sources */,
				D852B9651CA049690095434F /* ViewController.swift in Sources */,
				D852B9631CA049690095434F /* AppDelegate.swift in Sources */,
			);
			runOnlyForDeploymentPostprocessing = 0;
		};
/* End PBXSourcesBuildPhase section */

/* Begin PBXVariantGroup section */
		D852B9661CA049690095434F /* Main.storyboard */ = {
			isa = PBXVariantGroup;
			children = (
				D852B9671CA049690095434F /* Base */,
			);
			name = Main.storyboard;
			sourceTree = "<group>";
		};
		D852B96B1CA049690095434F /* LaunchScreen.storyboard */ = {
			isa = PBXVariantGroup;
			children = (
				D852B96C1CA049690095434F /* Base */,
			);
			name = LaunchScreen.storyboard;
			sourceTree = "<group>";
		};
/* End PBXVariantGroup section */

/* Begin XCBuildConfiguration section */
		D852B96F1CA049690095434F /* Debug */ = {
			isa = XCBuildConfiguration;
			buildSettings = {
				ALWAYS_SEARCH_USER_PATHS = NO;
				CLANG_CXX_LANGUAGE_STANDARD = "gnu++0x";
				CLANG_CXX_LIBRARY = "libc++";
				CLANG_ENABLE_MODULES = YES;
				CLANG_ENABLE_OBJC_ARC = YES;
				CLANG_WARN_BOOL_CONVERSION = YES;
				CLANG_WARN_CONSTANT_CONVERSION = YES;
				CLANG_WARN_DIRECT_OBJC_ISA_USAGE = YES_ERROR;
				CLANG_WARN_EMPTY_BODY = YES;
				CLANG_WARN_ENUM_CONVERSION = YES;
				CLANG_WARN_INT_CONVERSION = YES;
				CLANG_WARN_OBJC_ROOT_CLASS = YES_ERROR;
				CLANG_WARN_UNREACHABLE_CODE = YES;
				CLANG_WARN__DUPLICATE_METHOD_MATCH = YES;
				"CODE_SIGN_IDENTITY[sdk=iphoneos*]" = "iPhone Developer";
				COPY_PHASE_STRIP = NO;
				DEBUG_INFORMATION_FORMAT = dwarf;
				ENABLE_STRICT_OBJC_MSGSEND = YES;
				ENABLE_TESTABILITY = YES;
				GCC_C_LANGUAGE_STANDARD = gnu99;
				GCC_DYNAMIC_NO_PIC = NO;
				GCC_NO_COMMON_BLOCKS = YES;
				GCC_OPTIMIZATION_LEVEL = 0;
				GCC_PREPROCESSOR_DEFINITIONS = (
					"DEBUG=1",
					"$(inherited)",
				);
				GCC_WARN_64_TO_32_BIT_CONVERSION = YES;
				GCC_WARN_ABOUT_RETURN_TYPE = YES_ERROR;
				GCC_WARN_UNDECLARED_SELECTOR = YES;
				GCC_WARN_UNINITIALIZED_AUTOS = YES_AGGRESSIVE;
				GCC_WARN_UNUSED_FUNCTION = YES;
				GCC_WARN_UNUSED_VARIABLE = YES;
				IPHONEOS_DEPLOYMENT_TARGET = 9.2;
				MTL_ENABLE_DEBUG_INFO = YES;
				ONLY_ACTIVE_ARCH = YES;
				SDKROOT = iphoneos;
				SWIFT_OPTIMIZATION_LEVEL = "-Onone";
			};
			name = Debug;
		};
		D852B9701CA049690095434F /* Release */ = {
			isa = XCBuildConfiguration;
			buildSettings = {
				ALWAYS_SEARCH_USER_PATHS = NO;
				CLANG_CXX_LANGUAGE_STANDARD = "gnu++0x";
				CLANG_CXX_LIBRARY = "libc++";
				CLANG_ENABLE_MODULES = YES;
				CLANG_ENABLE_OBJC_ARC = YES;
				CLANG_WARN_BOOL_CONVERSION = YES;
				CLANG_WARN_CONSTANT_CONVERSION = YES;
				CLANG_WARN_DIRECT_OBJC_ISA_USAGE = YES_ERROR;
				CLANG_WARN_EMPTY_BODY = YES;
				CLANG_WARN_ENUM_CONVERSION = YES;
				CLANG_WARN_INT_CONVERSION = YES;
				CLANG_WARN_OBJC_ROOT_CLASS = YES_ERROR;
				CLANG_WARN_UNREACHABLE_CODE = YES;
				CLANG_WARN__DUPLICATE_METHOD_MATCH = YES;
				"CODE_SIGN_IDENTITY[sdk=iphoneos*]" = "iPhone Developer";
				COPY_PHASE_STRIP = NO;
				DEBUG_INFORMATION_FORMAT = "dwarf-with-dsym";
				ENABLE_NS_ASSERTIONS = NO;
				ENABLE_STRICT_OBJC_MSGSEND = YES;
				GCC_C_LANGUAGE_STANDARD = gnu99;
				GCC_NO_COMMON_BLOCKS = YES;
				GCC_WARN_64_TO_32_BIT_CONVERSION = YES;
				GCC_WARN_ABOUT_RETURN_TYPE = YES_ERROR;
				GCC_WARN_UNDECLARED_SELECTOR = YES;
				GCC_WARN_UNINITIALIZED_AUTOS = YES_AGGRESSIVE;
				GCC_WARN_UNUSED_FUNCTION = YES;
				GCC_WARN_UNUSED_VARIABLE = YES;
				IPHONEOS_DEPLOYMENT_TARGET = 9.2;
				MTL_ENABLE_DEBUG_INFO = NO;
				SDKROOT = iphoneos;
				VALIDATE_PRODUCT = YES;
			};
			name = Release;
		};
		D852B9721CA049690095434F /* Debug */ = {
			isa = XCBuildConfiguration;
			buildSettings = {
				ASSETCATALOG_COMPILER_APPICON_NAME = AppIcon;
				INFOPLIST_FILE = mylittlemonster/Info.plist;
				LD_RUNPATH_SEARCH_PATHS = "$(inherited) @executable_path/Frameworks";
				PRODUCT_BUNDLE_IDENTIFIER = "com.informed-planet.com.mylittlemonster";
				PRODUCT_NAME = "$(TARGET_NAME)";
				TARGETED_DEVICE_FAMILY = "1,2";
			};
			name = Debug;
		};
		D852B9731CA049690095434F /* Release */ = {
			isa = XCBuildConfiguration;
			buildSettings = {
				ASSETCATALOG_COMPILER_APPICON_NAME = AppIcon;
				INFOPLIST_FILE = mylittlemonster/Info.plist;
				LD_RUNPATH_SEARCH_PATHS = "$(inherited) @executable_path/Frameworks";
				PRODUCT_BUNDLE_IDENTIFIER = "com.informed-planet.com.mylittlemonster";
				PRODUCT_NAME = "$(TARGET_NAME)";
				TARGETED_DEVICE_FAMILY = "1,2";
			};
			name = Release;
		};
/* End XCBuildConfiguration section */

/* Begin XCConfigurationList section */
		D852B95A1CA049690095434F /* Build configuration list for PBXProject "mylittlemonster" */ = {
			isa = XCConfigurationList;
			buildConfigurations = (
				D852B96F1CA049690095434F /* Debug */,
				D852B9701CA049690095434F /* Release */,
			);
			defaultConfigurationIsVisible = 0;
			defaultConfigurationName = Release;
		};
		D852B9711CA049690095434F /* Build configuration list for PBXNativeTarget "mylittlemonster" */ = {
			isa = XCConfigurationList;
			buildConfigurations = (
				D852B9721CA049690095434F /* Debug */,
				D852B9731CA049690095434F /* Release */,
			);
			defaultConfigurationIsVisible = 0;
			defaultConfigurationName = Release;
		};
/* End XCConfigurationList section */
	};
	rootObject = D852B9571CA049690095434F /* Project object */;
}
